
Microsoft Visual Studio Solution File, Format Version 12.00
# Visual Studio Version 17
VisualStudioVersion = 17.1.31911.260
MinimumVisualStudioVersion = 10.0.40219.1
Project("{9A19103F-16F7-4668-BE54-9A1E7A4F7556}") = "VoicemeeterPlugin", "VoicemeeterPlugin.csproj", "{9537541E-0E36-4D33-AE31-941226C0D707}"
EndProject
Project("{2150E333-8FDC-42A3-9474-1A3956D46DE8}") = "VoicemeeterRemoteWrapper", "VoicemeeterRemoteWrapper", "{61F09C38-419F-427D-A6D8-5A41ED472887}"
EndProject
Project("{D954291E-2A0B-460D-934E-DC6B0785DB48}") = "dll wrapper base", "..\..\Dynamic-wrapper-for-unmanaged-dll\dll wrapper base\dll wrapper base.shproj", "{466A7E5A-F2E3-450B-9D21-C0623F459EA7}"
EndProject
Project("{D954291E-2A0B-460D-934E-DC6B0785DB48}") = "voicemeeter remote api wrap", "..\..\Voicemeeter-Remote-API-dll-dynamic-wrapper\voicemeeter remote api wrap\voicemeeter remote api wrap.shproj", "{28B74DFA-514F-49AB-B226-A3E5535E73DB}"
EndProject
Project("{D954291E-2A0B-460D-934E-DC6B0785DB48}") = "voicemeeter remote api extended", "..\..\voicemeeter-remote-api-extended\voicemeeter remote api extended\voicemeeter remote api extended.shproj", "{0D179400-35B3-43D7-A751-40691E184EF3}"
EndProject
Global
	GlobalSection(SharedMSBuildProjectFiles) = preSolution
		..\..\voicemeeter-remote-api-extended\voicemeeter remote api extended\voicemeeter remote api extended.projitems*{0d179400-35b3-43d7-a751-40691e184ef3}*SharedItemsImports = 13
		..\..\Voicemeeter-Remote-API-dll-dynamic-wrapper\voicemeeter remote api wrap\voicemeeter remote api wrap.projitems*{28b74dfa-514f-49ab-b226-a3e5535e73db}*SharedItemsImports = 13
		..\..\Dynamic-wrapper-for-unmanaged-dll\dll wrapper base\dll wrapper base.projitems*{466a7e5a-f2e3-450b-9d21-c0623f459ea7}*SharedItemsImports = 13
		..\..\Dynamic-wrapper-for-unmanaged-dll\dll wrapper base\dll wrapper base.projitems*{9537541e-0e36-4d33-ae31-941226c0d707}*SharedItemsImports = 5
		..\..\Voicemeeter-Remote-API-dll-dynamic-wrapper\voicemeeter remote api wrap\voicemeeter remote api wrap.projitems*{9537541e-0e36-4d33-ae31-941226c0d707}*SharedItemsImports = 5
		..\..\voicemeeter-remote-api-extended\voicemeeter remote api extended\voicemeeter remote api extended.projitems*{9537541e-0e36-4d33-ae31-941226c0d707}*SharedItemsImports = 5
	EndGlobalSection
	GlobalSection(SolutionConfigurationPlatforms) = preSolution
		Debug|Any CPU = Debug|Any CPU
		Release|Any CPU = Release|Any CPU
	EndGlobalSection
	GlobalSection(ProjectConfigurationPlatforms) = postSolution
		{9537541E-0E36-4D33-AE31-941226C0D707}.Debug|Any CPU.ActiveCfg = Debug|Any CPU
		{9537541E-0E36-4D33-AE31-941226C0D707}.Debug|Any CPU.Build.0 = Debug|Any CPU
		{9537541E-0E36-4D33-AE31-941226C0D707}.Release|Any CPU.ActiveCfg = Release|Any CPU
		{9537541E-0E36-4D33-AE31-941226C0D707}.Release|Any CPU.Build.0 = Release|Any CPU
	EndGlobalSection
	GlobalSection(SolutionProperties) = preSolution
		HideSolutionNode = FALSE
	EndGlobalSection
	GlobalSection(NestedProjects) = preSolution
		{466A7E5A-F2E3-450B-9D21-C0623F459EA7} = {61F09C38-419F-427D-A6D8-5A41ED472887}
		{28B74DFA-514F-49AB-B226-A3E5535E73DB} = {61F09C38-419F-427D-A6D8-5A41ED472887}
		{0D179400-35B3-43D7-A751-40691E184EF3} = {61F09C38-419F-427D-A6D8-5A41ED472887}
	EndGlobalSection
	GlobalSection(ExtensibilityGlobals) = postSolution
		SolutionGuid = {EC0EAFE3-2921-4D5A-B63C-5A615DCD04AF}
	EndGlobalSection
EndGlobal
